
Microsoft Visual Studio Solution File, Format Version 12.00
# Visual Studio Version 16
VisualStudioVersion = 16.0.30114.105
MinimumVisualStudioVersion = 10.0.40219.1
Project("{2150E333-8FDC-42A3-9474-1A3956D46DE8}") = "src", "src", "{A9C0FB45-992B-40EC-9797-002A8A7E2887}"
EndProject
Project("{FAE04EC0-301F-11D3-BF4B-00C04F79EFBC}") = "FilterDemo", "src\FilterDemo\FilterDemo.csproj", "{ABCC95A5-1B98-4238-BA6D-A9C22631E8D3}"
EndProject
Global
	GlobalSection(SolutionConfigurationPlatforms) = preSolution
		Debug|Any CPU = Debug|Any CPU
		Debug|x64 = Debug|x64
		Debug|x86 = Debug|x86
		Release|Any CPU = Release|Any CPU
		Release|x64 = Release|x64
		Release|x86 = Release|x86
	EndGlobalSection
	GlobalSection(SolutionProperties) = preSolution
		HideSolutionNode = FALSE
	EndGlobalSection
	GlobalSection(ProjectConfigurationPlatforms) = postSolution
		{ABCC95A5-1B98-4238-BA6D-A9C22631E8D3}.Debug|Any CPU.ActiveCfg = Debug|Any CPU
		{ABCC95A5-1B98-4238-BA6D-A9C22631E8D3}.Debug|Any CPU.Build.0 = Debug|Any CPU
		{ABCC95A5-1B98-4238-BA6D-A9C22631E8D3}.Debug|x64.ActiveCfg = Debug|Any CPU
		{ABCC95A5-1B98-4238-BA6D-A9C22631E8D3}.Debug|x64.Build.0 = Debug|Any CPU
		{ABCC95A5-1B98-4238-BA6D-A9C22631E8D3}.Debug|x86.ActiveCfg = Debug|Any CPU
		{ABCC95A5-1B98-4238-BA6D-A9C22631E8D3}.Debug|x86.Build.0 = Debug|Any CPU
		{ABCC95A5-1B98-4238-BA6D-A9C22631E8D3}.Release|Any CPU.ActiveCfg = Release|Any CPU
		{ABCC95A5-1B98-4238-BA6D-A9C22631E8D3}.Release|Any CPU.Build.0 = Release|Any CPU
		{ABCC95A5-1B98-4238-BA6D-A9C22631E8D3}.Release|x64.ActiveCfg = Release|Any CPU
		{ABCC95A5-1B98-4238-BA6D-A9C22631E8D3}.Release|x64.Build.0 = Release|Any CPU
		{ABCC95A5-1B98-4238-BA6D-A9C22631E8D3}.Release|x86.ActiveCfg = Release|Any CPU
		{ABCC95A5-1B98-4238-BA6D-A9C22631E8D3}.Release|x86.Build.0 = Release|Any CPU
	EndGlobalSection
	GlobalSection(NestedProjects) = preSolution
		{ABCC95A5-1B98-4238-BA6D-A9C22631E8D3} = {A9C0FB45-992B-40EC-9797-002A8A7E2887}
	EndGlobalSection
EndGlobal
